
Microsoft Visual Studio Solution File, Format Version 12.00
# Visual Studio 2012
Project("{FAE04EC0-301F-11D3-BF4B-00C04F79EFBC}") = "占位符", "占位符\占位符.csproj", "{7AF6D1B5-AC77-45E3-82D9-2AF76FB4BBDA}"
EndProject
Project("{FAE04EC0-301F-11D3-BF4B-00C04F79EFBC}") = "变量交换", "变量交换\变量交换.csproj", "{9B3CC5CC-1F72-47F9-B615-84B69D3D740E}"
EndProject
Project("{FAE04EC0-301F-11D3-BF4B-00C04F79EFBC}") = "输入", "输入\输入.csproj", "{466708E0-BDCF-4C92-A10B-17C63386D930}"
EndProject
Project("{FAE04EC0-301F-11D3-BF4B-00C04F79EFBC}") = "数据类型的自动转换", "数据类型的自动转换\数据类型的自动转换.csproj", "{D12C8B5B-6BD8-498F-AC1F-BC87273934AB}"
EndProject
Project("{FAE04EC0-301F-11D3-BF4B-00C04F79EFBC}") = "强制转换", "强制转换\强制转换.csproj", "{DF1A496B-C81B-4B05-86D5-CDE659F62278}"
EndProject
Project("{FAE04EC0-301F-11D3-BF4B-00C04F79EFBC}") = "日期计算", "日期计算\日期计算.csproj", "{3C39FBA2-92C2-4D1A-B2F1-9B6A33CAB871}"
EndProject
Project("{FAE04EC0-301F-11D3-BF4B-00C04F79EFBC}") = "if_else", "if_else\if_else.csproj", "{B657AE38-6B60-42D7-AAB2-9E01B7E8DAD2}"
EndProject
Project("{FAE04EC0-301F-11D3-BF4B-00C04F79EFBC}") = "while循环", "while循环\while循环.csproj", "{BC556660-A8BE-4A89-9AD5-65739B3496CB}"
EndProject
Project("{FAE04EC0-301F-11D3-BF4B-00C04F79EFBC}") = "枚举", "枚举\枚举.csproj", "{EA03823B-1239-4DEE-A228-2FF5BAEA51FD}"
EndProject
Project("{FAE04EC0-301F-11D3-BF4B-00C04F79EFBC}") = "数组", "数组\数组.csproj", "{AB0DAD7A-58B6-4EAE-821E-EFE3913413FA}"
EndProject
Project("{FAE04EC0-301F-11D3-BF4B-00C04F79EFBC}") = "方法", "方法\方法.csproj", "{CDBC414F-C5C7-45DB-AACE-45D144750577}"
EndProject
Project("{FAE04EC0-301F-11D3-BF4B-00C04F79EFBC}") = "冒泡排序", "冒泡排序\冒泡排序.csproj", "{3A0F452E-5558-4B85-B23F-F2B815A701D1}"
EndProject
Project("{FAE04EC0-301F-11D3-BF4B-00C04F79EFBC}") = "方法中计算大小", "数组比较大小\方法中计算大小.csproj", "{ABC908DD-EE26-426A-B7F7-D8454561D06B}"
EndProject
Project("{FAE04EC0-301F-11D3-BF4B-00C04F79EFBC}") = "方法中使用数组", "方法中使用数组\方法中使用数组.csproj", "{AF8187CB-8EAD-4689-9AF7-58307A50EABF}"
EndProject
Project("{FAE04EC0-301F-11D3-BF4B-00C04F79EFBC}") = "方法重载", "方法重载\方法重载.csproj", "{40D61D2D-D6AA-4477-8E9B-8DCE00EB60FB}"
EndProject
Project("{FAE04EC0-301F-11D3-BF4B-00C04F79EFBC}") = "out、ref", "out、ref\out、ref.csproj", "{F979C790-B933-4D16-84CE-0208389C0D7E}"
EndProject
Project("{FAE04EC0-301F-11D3-BF4B-00C04F79EFBC}") = "TryParse", "TryParse\TryParse.csproj", "{DA5C8660-211B-40E2-8D7A-258F197C9BC9}"
EndProject
Project("{FAE04EC0-301F-11D3-BF4B-00C04F79EFBC}") = "数组判断质数", "数组判断质数\数组判断质数.csproj", "{6916F6BA-3428-437D-AFA8-B3CE689AE3BE}"
EndProject
Project("{FAE04EC0-301F-11D3-BF4B-00C04F79EFBC}") = "结构类型", "结构类型\结构类型.csproj", "{1EE7640B-68F2-4C86-B495-59E0449C04FE}"
EndProject
Project("{FAE04EC0-301F-11D3-BF4B-00C04F79EFBC}") = "数组一维与二维", "数组一维与二维\数组一维与二维.csproj", "{685FBC48-7DB1-4B8E-A3A6-7F19FAB6E309}"
EndProject
Project("{FAE04EC0-301F-11D3-BF4B-00C04F79EFBC}") = "算术操作符", "算术操作符\算术操作符.csproj", "{562E7F5A-114C-4333-94DD-611A7B3BE5FF}"
EndProject
Global
	GlobalSection(SolutionConfigurationPlatforms) = preSolution
		Debug|Any CPU = Debug|Any CPU
		Release|Any CPU = Release|Any CPU
	EndGlobalSection
	GlobalSection(ProjectConfigurationPlatforms) = postSolution
		{7AF6D1B5-AC77-45E3-82D9-2AF76FB4BBDA}.Debug|Any CPU.ActiveCfg = Debug|Any CPU
		{7AF6D1B5-AC77-45E3-82D9-2AF76FB4BBDA}.Debug|Any CPU.Build.0 = Debug|Any CPU
		{7AF6D1B5-AC77-45E3-82D9-2AF76FB4BBDA}.Release|Any CPU.ActiveCfg = Release|Any CPU
		{7AF6D1B5-AC77-45E3-82D9-2AF76FB4BBDA}.Release|Any CPU.Build.0 = Release|Any CPU
		{9B3CC5CC-1F72-47F9-B615-84B69D3D740E}.Debug|Any CPU.ActiveCfg = Debug|Any CPU
		{9B3CC5CC-1F72-47F9-B615-84B69D3D740E}.Debug|Any CPU.Build.0 = Debug|Any CPU
		{9B3CC5CC-1F72-47F9-B615-84B69D3D740E}.Release|Any CPU.ActiveCfg = Release|Any CPU
		{9B3CC5CC-1F72-47F9-B615-84B69D3D740E}.Release|Any CPU.Build.0 = Release|Any CPU
		{466708E0-BDCF-4C92-A10B-17C63386D930}.Debug|Any CPU.ActiveCfg = Debug|Any CPU
		{466708E0-BDCF-4C92-A10B-17C63386D930}.Debug|Any CPU.Build.0 = Debug|Any CPU
		{466708E0-BDCF-4C92-A10B-17C63386D930}.Release|Any CPU.ActiveCfg = Release|Any CPU
		{466708E0-BDCF-4C92-A10B-17C63386D930}.Release|Any CPU.Build.0 = Release|Any CPU
		{D12C8B5B-6BD8-498F-AC1F-BC87273934AB}.Debug|Any CPU.ActiveCfg = Debug|Any CPU
		{D12C8B5B-6BD8-498F-AC1F-BC87273934AB}.Debug|Any CPU.Build.0 = Debug|Any CPU
		{D12C8B5B-6BD8-498F-AC1F-BC87273934AB}.Release|Any CPU.ActiveCfg = Release|Any CPU
		{D12C8B5B-6BD8-498F-AC1F-BC87273934AB}.Release|Any CPU.Build.0 = Release|Any CPU
		{DF1A496B-C81B-4B05-86D5-CDE659F62278}.Debug|Any CPU.ActiveCfg = Debug|Any CPU
		{DF1A496B-C81B-4B05-86D5-CDE659F62278}.Debug|Any CPU.Build.0 = Debug|Any CPU
		{DF1A496B-C81B-4B05-86D5-CDE659F62278}.Release|Any CPU.ActiveCfg = Release|Any CPU
		{DF1A496B-C81B-4B05-86D5-CDE659F62278}.Release|Any CPU.Build.0 = Release|Any CPU
		{3C39FBA2-92C2-4D1A-B2F1-9B6A33CAB871}.Debug|Any CPU.ActiveCfg = Debug|Any CPU
		{3C39FBA2-92C2-4D1A-B2F1-9B6A33CAB871}.Debug|Any CPU.Build.0 = Debug|Any CPU
		{3C39FBA2-92C2-4D1A-B2F1-9B6A33CAB871}.Release|Any CPU.ActiveCfg = Release|Any CPU
		{3C39FBA2-92C2-4D1A-B2F1-9B6A33CAB871}.Release|Any CPU.Build.0 = Release|Any CPU
		{B657AE38-6B60-42D7-AAB2-9E01B7E8DAD2}.Debug|Any CPU.ActiveCfg = Debug|Any CPU
		{B657AE38-6B60-42D7-AAB2-9E01B7E8DAD2}.Debug|Any CPU.Build.0 = Debug|Any CPU
		{B657AE38-6B60-42D7-AAB2-9E01B7E8DAD2}.Release|Any CPU.ActiveCfg = Release|Any CPU
		{B657AE38-6B60-42D7-AAB2-9E01B7E8DAD2}.Release|Any CPU.Build.0 = Release|Any CPU
		{BC556660-A8BE-4A89-9AD5-65739B3496CB}.Debug|Any CPU.ActiveCfg = Debug|Any CPU
		{BC556660-A8BE-4A89-9AD5-65739B3496CB}.Debug|Any CPU.Build.0 = Debug|Any CPU
		{BC556660-A8BE-4A89-9AD5-65739B3496CB}.Release|Any CPU.ActiveCfg = Release|Any CPU
		{BC556660-A8BE-4A89-9AD5-65739B3496CB}.Release|Any CPU.Build.0 = Release|Any CPU
		{EA03823B-1239-4DEE-A228-2FF5BAEA51FD}.Debug|Any CPU.ActiveCfg = Debug|Any CPU
		{EA03823B-1239-4DEE-A228-2FF5BAEA51FD}.Debug|Any CPU.Build.0 = Debug|Any CPU
		{EA03823B-1239-4DEE-A228-2FF5BAEA51FD}.Release|Any CPU.ActiveCfg = Release|Any CPU
		{EA03823B-1239-4DEE-A228-2FF5BAEA51FD}.Release|Any CPU.Build.0 = Release|Any CPU
		{AB0DAD7A-58B6-4EAE-821E-EFE3913413FA}.Debug|Any CPU.ActiveCfg = Debug|Any CPU
		{AB0DAD7A-58B6-4EAE-821E-EFE3913413FA}.Debug|Any CPU.Build.0 = Debug|Any CPU
		{AB0DAD7A-58B6-4EAE-821E-EFE3913413FA}.Release|Any CPU.ActiveCfg = Release|Any CPU
		{AB0DAD7A-58B6-4EAE-821E-EFE3913413FA}.Release|Any CPU.Build.0 = Release|Any CPU
		{CDBC414F-C5C7-45DB-AACE-45D144750577}.Debug|Any CPU.ActiveCfg = Debug|Any CPU
		{CDBC414F-C5C7-45DB-AACE-45D144750577}.Debug|Any CPU.Build.0 = Debug|Any CPU
		{CDBC414F-C5C7-45DB-AACE-45D144750577}.Release|Any CPU.ActiveCfg = Release|Any CPU
		{CDBC414F-C5C7-45DB-AACE-45D144750577}.Release|Any CPU.Build.0 = Release|Any CPU
		{3A0F452E-5558-4B85-B23F-F2B815A701D1}.Debug|Any CPU.ActiveCfg = Debug|Any CPU
		{3A0F452E-5558-4B85-B23F-F2B815A701D1}.Debug|Any CPU.Build.0 = Debug|Any CPU
		{3A0F452E-5558-4B85-B23F-F2B815A701D1}.Release|Any CPU.ActiveCfg = Release|Any CPU
		{3A0F452E-5558-4B85-B23F-F2B815A701D1}.Release|Any CPU.Build.0 = Release|Any CPU
		{ABC908DD-EE26-426A-B7F7-D8454561D06B}.Debug|Any CPU.ActiveCfg = Debug|Any CPU
		{ABC908DD-EE26-426A-B7F7-D8454561D06B}.Debug|Any CPU.Build.0 = Debug|Any CPU
		{ABC908DD-EE26-426A-B7F7-D8454561D06B}.Release|Any CPU.ActiveCfg = Release|Any CPU
		{ABC908DD-EE26-426A-B7F7-D8454561D06B}.Release|Any CPU.Build.0 = Release|Any CPU
		{AF8187CB-8EAD-4689-9AF7-58307A50EABF}.Debug|Any CPU.ActiveCfg = Debug|Any CPU
		{AF8187CB-8EAD-4689-9AF7-58307A50EABF}.Debug|Any CPU.Build.0 = Debug|Any CPU
		{AF8187CB-8EAD-4689-9AF7-58307A50EABF}.Release|Any CPU.ActiveCfg = Release|Any CPU
		{AF8187CB-8EAD-4689-9AF7-58307A50EABF}.Release|Any CPU.Build.0 = Release|Any CPU
		{40D61D2D-D6AA-4477-8E9B-8DCE00EB60FB}.Debug|Any CPU.ActiveCfg = Debug|Any CPU
		{40D61D2D-D6AA-4477-8E9B-8DCE00EB60FB}.Debug|Any CPU.Build.0 = Debug|Any CPU
		{40D61D2D-D6AA-4477-8E9B-8DCE00EB60FB}.Release|Any CPU.ActiveCfg = Release|Any CPU
		{40D61D2D-D6AA-4477-8E9B-8DCE00EB60FB}.Release|Any CPU.Build.0 = Release|Any CPU
		{F979C790-B933-4D16-84CE-0208389C0D7E}.Debug|Any CPU.ActiveCfg = Debug|Any CPU
		{F979C790-B933-4D16-84CE-0208389C0D7E}.Debug|Any CPU.Build.0 = Debug|Any CPU
		{F979C790-B933-4D16-84CE-0208389C0D7E}.Release|Any CPU.ActiveCfg = Release|Any CPU
		{F979C790-B933-4D16-84CE-0208389C0D7E}.Release|Any CPU.Build.0 = Release|Any CPU
		{DA5C8660-211B-40E2-8D7A-258F197C9BC9}.Debug|Any CPU.ActiveCfg = Debug|Any CPU
		{DA5C8660-211B-40E2-8D7A-258F197C9BC9}.Debug|Any CPU.Build.0 = Debug|Any CPU
		{DA5C8660-211B-40E2-8D7A-258F197C9BC9}.Release|Any CPU.ActiveCfg = Release|Any CPU
		{DA5C8660-211B-40E2-8D7A-258F197C9BC9}.Release|Any CPU.Build.0 = Release|Any CPU
		{6916F6BA-3428-437D-AFA8-B3CE689AE3BE}.Debug|Any CPU.ActiveCfg = Debug|Any CPU
		{6916F6BA-3428-437D-AFA8-B3CE689AE3BE}.Debug|Any CPU.Build.0 = Debug|Any CPU
		{6916F6BA-3428-437D-AFA8-B3CE689AE3BE}.Release|Any CPU.ActiveCfg = Release|Any CPU
		{6916F6BA-3428-437D-AFA8-B3CE689AE3BE}.Release|Any CPU.Build.0 = Release|Any CPU
		{1EE7640B-68F2-4C86-B495-59E0449C04FE}.Debug|Any CPU.ActiveCfg = Debug|Any CPU
		{1EE7640B-68F2-4C86-B495-59E0449C04FE}.Debug|Any CPU.Build.0 = Debug|Any CPU
		{1EE7640B-68F2-4C86-B495-59E0449C04FE}.Release|Any CPU.ActiveCfg = Release|Any CPU
		{1EE7640B-68F2-4C86-B495-59E0449C04FE}.Release|Any CPU.Build.0 = Release|Any CPU
		{685FBC48-7DB1-4B8E-A3A6-7F19FAB6E309}.Debug|Any CPU.ActiveCfg = Debug|Any CPU
		{685FBC48-7DB1-4B8E-A3A6-7F19FAB6E309}.Debug|Any CPU.Build.0 = Debug|Any CPU
		{685FBC48-7DB1-4B8E-A3A6-7F19FAB6E309}.Release|Any CPU.ActiveCfg = Release|Any CPU
		{685FBC48-7DB1-4B8E-A3A6-7F19FAB6E309}.Release|Any CPU.Build.0 = Release|Any CPU
		{562E7F5A-114C-4333-94DD-611A7B3BE5FF}.Debug|Any CPU.ActiveCfg = Debug|Any CPU
		{562E7F5A-114C-4333-94DD-611A7B3BE5FF}.Debug|Any CPU.Build.0 = Debug|Any CPU
		{562E7F5A-114C-4333-94DD-611A7B3BE5FF}.Release|Any CPU.ActiveCfg = Release|Any CPU
		{562E7F5A-114C-4333-94DD-611A7B3BE5FF}.Release|Any CPU.Build.0 = Release|Any CPU
	EndGlobalSection
	GlobalSection(SolutionProperties) = preSolution
		HideSolutionNode = FALSE
	EndGlobalSection
EndGlobal
